
Microsoft Visual Studio Solution File, Format Version 12.00
# Visual Studio Version 17
VisualStudioVersion = 17.14.36717.8 d17.14
MinimumVisualStudioVersion = 10.0.40219.1
Project("{FAE04EC0-301F-11D3-BF4B-00C04F79EFBC}") = "RedeSocialEventosAdmin", "RedeSocialEventosAdmin\RedeSocialEventosAdmin.csproj", "{9ADCB5ED-5F40-4EB1-8950-517FD3C1A5DD}"
EndProject
Global
	GlobalSection(SolutionConfigurationPlatforms) = preSolution
		Debug|Any CPU = Debug|Any CPU
		Release|Any CPU = Release|Any CPU
	EndGlobalSection
	GlobalSection(ProjectConfigurationPlatforms) = postSolution
		{9ADCB5ED-5F40-4EB1-8950-517FD3C1A5DD}.Debug|Any CPU.ActiveCfg = Debug|Any CPU
		{9ADCB5ED-5F40-4EB1-8950-517FD3C1A5DD}.Debug|Any CPU.Build.0 = Debug|Any CPU
		{9ADCB5ED-5F40-4EB1-8950-517FD3C1A5DD}.Release|Any CPU.ActiveCfg = Release|Any CPU
		{9ADCB5ED-5F40-4EB1-8950-517FD3C1A5DD}.Release|Any CPU.Build.0 = Release|Any CPU
	EndGlobalSection
	GlobalSection(SolutionProperties) = preSolution
		HideSolutionNode = FALSE
	EndGlobalSection
	GlobalSection(ExtensibilityGlobals) = postSolution
		SolutionGuid = {12790229-3E0D-460D-BA5E-EBB39A1AFE02}
	EndGlobalSection
EndGlobal
